hash: 13a842ef535eaca11044e84fef894e2cf2192c900140fd55d5b6b8ee6eeb6616
updated: 2017-06-19T13:23:58.938567616-04:00
imports:
- name: github.com/gorilla/websocket
  version: 3ab3a8b8831546bd18fd182c20687ca853b2bb13
- name: github.com/satori/go.uuid
  version: 879c5887cd475cd7864858769793b2ceb0d44feb
testImports: []
